// !$*UTF8*$!
{
	archiveVersion = 1;
	classes = {
	};
	objectVersion = 46;
	objects = {

/* Begin PBXBuildFile section */
		242F27721B57A157005F0BCA /* CustomTransition.storyboard in Resources */ = {isa = PBXBuildFile; fileRef = 242F27701B57A157005F0BCA /* CustomTransition.storyboard */; };
		243892DA1B4AD128005C4CCE /* CustomNavigation.storyboard in Resources */ = {isa = PBXBuildFile; fileRef = 243892D81B4AD127005C4CCE /* CustomNavigation.storyboard */; };
		243892DC1B4AD1E4005C4CCE /* TableViewController.swift in Sources */ = {isa = PBXBuildFile; fileRef = 243892DB1B4AD1E4005C4CCE /* TableViewController.swift */; };
		243892DF1B4AD4CB005C4CCE /* CustomTransitionFirstViewController.swift in Sources */ = {isa = PBXBuildFile; fileRef = 243892DE1B4AD4CB005C4CCE /* CustomTransitionFirstViewController.swift */; };
		243892E11B4AD502005C4CCE /* CustomTransitionSecondViewController.swift in Sources */ = {isa = PBXBuildFile; fileRef = 243892E01B4AD502005C4CCE /* CustomTransitionSecondViewController.swift */; };
		24C2033B1B457639000C6D2E /* AppDelegate.swift in Sources */ = {isa = PBXBuildFile; fileRef = 24C2033A1B457639000C6D2E /* AppDelegate.swift */; };
		24C2033D1B457639000C6D2E /* CustomNavigationFirstViewController.swift in Sources */ = {isa = PBXBuildFile; fileRef = 24C2033C1B457639000C6D2E /* CustomNavigationFirstViewController.swift */; };
		24C203401B457639000C6D2E /* Main.storyboard in Resources */ = {isa = PBXBuildFile; fileRef = 24C2033E1B457639000C6D2E /* Main.storyboard */; };
		24C203431B457639000C6D2E /* CustomTransitionCollection.xcdatamodeld in Sources */ = {isa = PBXBuildFile; fileRef = 24C203411B457639000C6D2E /* CustomTransitionCollection.xcdatamodeld */; };
		24C203451B457639000C6D2E /* Assets.xcassets in Resources */ = {isa = PBXBuildFile; fileRef = 24C203441B457639000C6D2E /* Assets.xcassets */; };
		24C203481B457639000C6D2E /* LaunchScreen.storyboard in Resources */ = {isa = PBXBuildFile; fileRef = 24C203461B457639000C6D2E /* LaunchScreen.storyboard */; };
		24C203531B457639000C6D2E /* CustomTransitionCollectionTests.swift in Sources */ = {isa = PBXBuildFile; fileRef = 24C203521B457639000C6D2E /* CustomTransitionCollectionTests.swift */; };
		24C2035E1B457639000C6D2E /* CustomTransitionCollectionUITests.swift in Sources */ = {isa = PBXBuildFile; fileRef = 24C2035D1B457639000C6D2E /* CustomTransitionCollectionUITests.swift */; };
		24C2036C1B4576A2000C6D2E /* CustomNavigationSecondViewController.swift in Sources */ = {isa = PBXBuildFile; fileRef = 24C2036B1B4576A2000C6D2E /* CustomNavigationSecondViewController.swift */; };
		24C2036E1B45776D000C6D2E /* CustomAnimator.swift in Sources */ = {isa = PBXBuildFile; fileRef = 24C2036D1B45776D000C6D2E /* CustomAnimator.swift */; };
/* End PBXBuildFile section */

/* Begin PBXContainerItemProxy section */
		24C2034F1B457639000C6D2E /* PBXContainerItemProxy */ = {
			isa = PBXContainerItemProxy;
			containerPortal = 24C2032F1B457639000C6D2E /* Project object */;
			proxyType = 1;
			remoteGlobalIDString = 24C203361B457639000C6D2E;
			remoteInfo = CustomTransitionCollection;
		};
		24C2035A1B457639000C6D2E /* PBXContainerItemProxy */ = {
			isa = PBXContainerItemProxy;
			containerPortal = 24C2032F1B457639000C6D2E /* Project object */;
			proxyType = 1;
			remoteGlobalIDString = 24C203361B457639000C6D2E;
			remoteInfo = CustomTransitionCollection;
		};
/* End PBXContainerItemProxy section */

/* Begin PBXFileReference section */
		242F27711B57A157005F0BCA /* Base */ = {isa = PBXFileReference; lastKnownFileType = file.storyboard; name = Base; path = Base.lproj/CustomTransition.storyboard; sourceTree = "<group>"; };
		243892D91B4AD127005C4CCE /* Base */ = {isa = PBXFileReference; lastKnownFileType = file.storyboard; name = Base; path = Base.lproj/CustomNavigation.storyboard; sourceTree = "<group>"; };
		243892DB1B4AD1E4005C4CCE /* TableViewController.swift */ = {isa = PBXFileReference; fileEncoding = 4; lastKnownFileType = sourcecode.swift; path = TableViewController.swift; sourceTree = "<group>"; };
		243892DE1B4AD4CB005C4CCE /* CustomTransitionFirstViewController.swift */ = {isa = PBXFileReference; fileEncoding = 4; lastKnownFileType = sourcecode.swift; path = CustomTransitionFirstViewController.swift; sourceTree = "<group>"; };
		243892E01B4AD502005C4CCE /* CustomTransitionSecondViewController.swift */ = {isa = PBXFileReference; fileEncoding = 4; lastKnownFileType = sourcecode.swift; path = CustomTransitionSecondViewController.swift; sourceTree = "<group>"; };
		24C203371B457639000C6D2E /* CustomTransitionCollection.app */ = {isa = PBXFileReference; explicitFileType = wrapper.application; includeInIndex = 0; path = CustomTransitionCollection.app; sourceTree = BUILT_PRODUCTS_DIR; };
		24C2033A1B457639000C6D2E /* AppDelegate.swift */ = {isa = PBXFileReference; lastKnownFileType = sourcecode.swift; path = AppDelegate.swift; sourceTree = "<group>"; };
		24C2033C1B457639000C6D2E /* CustomNavigationFirstViewController.swift */ = {isa = PBXFileReference; lastKnownFileType = sourcecode.swift; path = CustomNavigationFirstViewController.swift; sourceTree = "<group>"; };
		24C2033F1B457639000C6D2E /* Base */ = {isa = PBXFileReference; lastKnownFileType = file.storyboard; name = Base; path = Base.lproj/Main.storyboard; sourceTree = "<group>"; };
		24C203421B457639000C6D2E /* CustomTransitionCollection.xcdatamodel */ = {isa = PBXFileReference; lastKnownFileType = wrapper.xcdatamodel; path = CustomTransitionCollection.xcdatamodel; sourceTree = "<group>"; };
		24C203441B457639000C6D2E /* Assets.xcassets */ = {isa = PBXFileReference; lastKnownFileType = folder.assetcatalog; path = Assets.xcassets; sourceTree = "<group>"; };
		24C203471B457639000C6D2E /* Base */ = {isa = PBXFileReference; lastKnownFileType = file.storyboard; name = Base; path = Base.lproj/LaunchScreen.storyboard; sourceTree = "<group>"; };
		24C203491B457639000C6D2E /* Info.plist */ = {isa = PBXFileReference; lastKnownFileType = text.plist.xml; path = Info.plist; sourceTree = "<group>"; };
		24C2034E1B457639000C6D2E /* CustomTransitionCollectionTests.xctest */ = {isa = PBXFileReference; explicitFileType = wrapper.cfbundle; includeInIndex = 0; path = CustomTransitionCollectionTests.xctest; sourceTree = BUILT_PRODUCTS_DIR; };
		24C203521B457639000C6D2E /* CustomTransitionCollectionTests.swift */ = {isa = PBXFileReference; lastKnownFileType = sourcecode.swift; path = CustomTransitionCollectionTests.swift; sourceTree = "<group>"; };
		24C203541B457639000C6D2E /* Info.plist */ = {isa = PBXFileReference; lastKnownFileType = text.plist.xml; path = Info.plist; sourceTree = "<group>"; };
		24C203591B457639000C6D2E /* CustomTransitionCollectionUITests.xctest */ = {isa = PBXFileReference; explicitFileType = wrapper.cfbundle; includeInIndex = 0; path = CustomTransitionCollectionUITests.xctest; sourceTree = BUILT_PRODUCTS_DIR; };
		24C2035D1B457639000C6D2E /* CustomTransitionCollectionUITests.swift */ = {isa = PBXFileReference; lastKnownFileType = sourcecode.swift; path = CustomTransitionCollectionUITests.swift; sourceTree = "<group>"; };
		24C2035F1B457639000C6D2E /* Info.plist */ = {isa = PBXFileReference; lastKnownFileType = text.plist.xml; path = Info.plist; sourceTree = "<group>"; };
		24C2036B1B4576A2000C6D2E /* CustomNavigationSecondViewController.swift */ = {isa = PBXFileReference; fileEncoding = 4; lastKnownFileType = sourcecode.swift; path = CustomNavigationSecondViewController.swift; sourceTree = "<group>"; };
		24C2036D1B45776D000C6D2E /* CustomAnimator.swift */ = {isa = PBXFileReference; fileEncoding = 4; lastKnownFileType = sourcecode.swift; path = CustomAnimator.swift; sourceTree = "<group>"; };
/* End PBXFileReference section */

/* Begin PBXFrameworksBuildPhase section */
		24C203341B457639000C6D2E /* Frameworks */ = {
			isa = PBXFrameworksBuildPhase;
			buildActionMask = 2147483647;
			files = (
			);
			runOnlyForDeploymentPostprocessing = 0;
		};
		24C2034B1B457639000C6D2E /* Frameworks */ = {
			isa = PBXFrameworksBuildPhase;
			buildActionMask = 2147483647;
			files = (
			);
			runOnlyForDeploymentPostprocessing = 0;
		};
		24C203561B457639000C6D2E /* Frameworks */ = {
			isa = PBXFrameworksBuildPhase;
			buildActionMask = 2147483647;
			files = (
			);
			runOnlyForDeploymentPostprocessing = 0;
		};
/* End PBXFrameworksBuildPhase section */

/* Begin PBXGroup section */
		242F27731B57A1CC005F0BCA /* CustomNavigation */ = {
			isa = PBXGroup;
			children = (
				243892D81B4AD127005C4CCE /* CustomNavigation.storyboard */,
				24C2036D1B45776D000C6D2E /* CustomAnimator.swift */,
				24C2033C1B457639000C6D2E /* CustomNavigationFirstViewController.swift */,
				24C2036B1B4576A2000C6D2E /* CustomNavigationSecondViewController.swift */,
			);
			name = CustomNavigation;
			sourceTree = "<group>";
		};
		242F27741B57A1DF005F0BCA /* CustomTransition */ = {
			isa = PBXGroup;
			children = (
				243892DE1B4AD4CB005C4CCE /* CustomTransitionFirstViewController.swift */,
				243892E01B4AD502005C4CCE /* CustomTransitionSecondViewController.swift */,
				242F27701B57A157005F0BCA /* CustomTransition.storyboard */,
			);
			name = CustomTransition;
			sourceTree = "<group>";
		};
		243892DD1B4AD252005C4CCE /* Storyboard */ = {
			isa = PBXGroup;
			children = (
				24C203461B457639000C6D2E /* LaunchScreen.storyboard */,
				24C2033E1B457639000C6D2E /* Main.storyboard */,
			);
			name = Storyboard;
			sourceTree = "<group>";
		};
		24C2032E1B457639000C6D2E = {
			isa = PBXGroup;
			children = (
				24C203391B457639000C6D2E /* CustomTransitionCollection */,
				24C203511B457639000C6D2E /* CustomTransitionCollectionTests */,
				24C2035C1B457639000C6D2E /* CustomTransitionCollectionUITests */,
				24C203381B457639000C6D2E /* Products */,
			);
			sourceTree = "<group>";
		};
		24C203381B457639000C6D2E /* Products */ = {
			isa = PBXGroup;
			children = (
				24C203371B457639000C6D2E /* CustomTransitionCollection.app */,
				24C2034E1B457639000C6D2E /* CustomTransitionCollectionTests.xctest */,
				24C203591B457639000C6D2E /* CustomTransitionCollectionUITests.xctest */,
			);
			name = Products;
			sourceTree = "<group>";
		};
		24C203391B457639000C6D2E /* CustomTransitionCollection */ = {
			isa = PBXGroup;
			children = (
				242F27741B57A1DF005F0BCA /* CustomTransition */,
				242F27731B57A1CC005F0BCA /* CustomNavigation */,
				243892DD1B4AD252005C4CCE /* Storyboard */,
				24C2033A1B457639000C6D2E /* AppDelegate.swift */,
				24C203441B457639000C6D2E /* Assets.xcassets */,
				24C2036F1B4577E2000C6D2E /* Controller */,
				24C203411B457639000C6D2E /* CustomTransitionCollection.xcdatamodeld */,
				24C203491B457639000C6D2E /* Info.plist */,
				243892DB1B4AD1E4005C4CCE /* TableViewController.swift */,
			);
			path = CustomTransitionCollection;
			sourceTree = "<group>";
		};
		24C203511B457639000C6D2E /* CustomTransitionCollectionTests */ = {
			isa = PBXGroup;
			children = (
				24C203521B457639000C6D2E /* CustomTransitionCollectionTests.swift */,
				24C203541B457639000C6D2E /* Info.plist */,
			);
			path = CustomTransitionCollectionTests;
			sourceTree = "<group>";
		};
		24C2035C1B457639000C6D2E /* CustomTransitionCollectionUITests */ = {
			isa = PBXGroup;
			children = (
				24C2035D1B457639000C6D2E /* CustomTransitionCollectionUITests.swift */,
				24C2035F1B457639000C6D2E /* Info.plist */,
			);
			path = CustomTransitionCollectionUITests;
			sourceTree = "<group>";
		};
		24C2036F1B4577E2000C6D2E /* Controller */ = {
			isa = PBXGroup;
			children = (
			);
			name = Controller;
			sourceTree = "<group>";
		};
/* End PBXGroup section */

/* Begin PBXNativeTarget section */
		24C203361B457639000C6D2E /* CustomTransitionCollection */ = {
			isa = PBXNativeTarget;
			buildConfigurationList = 24C203621B457639000C6D2E /* Build configuration list for PBXNativeTarget "CustomTransitionCollection" */;
			buildPhases = (
				24C203331B457639000C6D2E /* Sources */,
				24C203341B457639000C6D2E /* Frameworks */,
				24C203351B457639000C6D2E /* Resources */,
			);
			buildRules = (
			);
			dependencies = (
			);
			name = CustomTransitionCollection;
			productName = CustomTransitionCollection;
			productReference = 24C203371B457639000C6D2E /* CustomTransitionCollection.app */;
			productType = "com.apple.product-type.application";
		};
		24C2034D1B457639000C6D2E /* CustomTransitionCollectionTests */ = {
			isa = PBXNativeTarget;
			buildConfigurationList = 24C203651B457639000C6D2E /* Build configuration list for PBXNativeTarget "CustomTransitionCollectionTests" */;
			buildPhases = (
				24C2034A1B457639000C6D2E /* Sources */,
				24C2034B1B457639000C6D2E /* Frameworks */,
				24C2034C1B457639000C6D2E /* Resources */,
			);
			buildRules = (
			);
			dependencies = (
				24C203501B457639000C6D2E /* PBXTargetDependency */,
			);
			name = CustomTransitionCollectionTests;
			productName = CustomTransitionCollectionTests;
			productReference = 24C2034E1B457639000C6D2E /* CustomTransitionCollectionTests.xctest */;
			productType = "com.apple.product-type.bundle.unit-test";
		};
		24C203581B457639000C6D2E /* CustomTransitionCollectionUITests */ = {
			isa = PBXNativeTarget;
			buildConfigurationList = 24C203681B457639000C6D2E /* Build configuration list for PBXNativeTarget "CustomTransitionCollectionUITests" */;
			buildPhases = (
				24C203551B457639000C6D2E /* Sources */,
				24C203561B457639000C6D2E /* Frameworks */,
				24C203571B457639000C6D2E /* Resources */,
			);
			buildRules = (
			);
			dependencies = (
				24C2035B1B457639000C6D2E /* PBXTargetDependency */,
			);
			name = CustomTransitionCollectionUITests;
			productName = CustomTransitionCollectionUITests;
			productReference = 24C203591B457639000C6D2E /* CustomTransitionCollectionUITests.xctest */;
			productType = "com.apple.product-type.bundle.ui-testing";
		};
/* End PBXNativeTarget section */

/* Begin PBXProject section */
		24C2032F1B457639000C6D2E /* Project object */ = {
			isa = PBXProject;
			attributes = {
				LastUpgradeCheck = 0700;
				ORGANIZATIONNAME = "Masamichi Ueta";
				TargetAttributes = {
					24C203361B457639000C6D2E = {
						CreatedOnToolsVersion = 7.0;
					};
					24C2034D1B457639000C6D2E = {
						CreatedOnToolsVersion = 7.0;
						TestTargetID = 24C203361B457639000C6D2E;
					};
					24C203581B457639000C6D2E = {
						CreatedOnToolsVersion = 7.0;
						TestTargetID = 24C203361B457639000C6D2E;
					};
				};
			};
			buildConfigurationList = 24C203321B457639000C6D2E /* Build configuration list for PBXProject "CustomTransitionCollection" */;
			compatibilityVersion = "Xcode 3.2";
			developmentRegion = English;
			hasScannedForEncodings = 0;
			knownRegions = (
				en,
				Base,
			);
			mainGroup = 24C2032E1B457639000C6D2E;
			productRefGroup = 24C203381B457639000C6D2E /* Products */;
			projectDirPath = "";
			projectRoot = "";
			targets = (
				24C203361B457639000C6D2E /* CustomTransitionCollection */,
				24C2034D1B457639000C6D2E /* CustomTransitionCollectionTests */,
				24C203581B457639000C6D2E /* CustomTransitionCollectionUITests */,
			);
		};
/* End PBXProject section */

/* Begin PBXResourcesBuildPhase section */
		24C203351B457639000C6D2E /* Resources */ = {
			isa = PBXResourcesBuildPhase;
			buildActionMask = 2147483647;
			files = (
				242F27721B57A157005F0BCA /* CustomTransition.storyboard in Resources */,
				24C203481B457639000C6D2E /* LaunchScreen.storyboard in Resources */,
				243892DA1B4AD128005C4CCE /* CustomNavigation.storyboard in Resources */,
				24C203451B457639000C6D2E /* Assets.xcassets in Resources */,
				24C203401B457639000C6D2E /* Main.storyboard in Resources */,
			);
			runOnlyForDeploymentPostprocessing = 0;
		};
		24C2034C1B457639000C6D2E /* Resources */ = {
			isa = PBXResourcesBuildPhase;
			buildActionMask = 2147483647;
			files = (
			);
			runOnlyForDeploymentPostprocessing = 0;
		};
		24C203571B457639000C6D2E /* Resources */ = {
			isa = PBXResourcesBuildPhase;
			buildActionMask = 2147483647;
			files = (
			);
			runOnlyForDeploymentPostprocessing = 0;
		};
/* End PBXResourcesBuildPhase section */

/* Begin PBXSourcesBuildPhase section */
		24C203331B457639000C6D2E /* Sources */ = {
			isa = PBXSourcesBuildPhase;
			buildActionMask = 2147483647;
			files = (
				243892E11B4AD502005C4CCE /* CustomTransitionSecondViewController.swift in Sources */,
				24C203431B457639000C6D2E /* CustomTransitionCollection.xcdatamodeld in Sources */,
				243892DC1B4AD1E4005C4CCE /* TableViewController.swift in Sources */,
				24C2036C1B4576A2000C6D2E /* CustomNavigationSecondViewController.swift in Sources */,
				24C2033D1B457639000C6D2E /* CustomNavigationFirstViewController.swift in Sources */,
				24C2036E1B45776D000C6D2E /* CustomAnimator.swift in Sources */,
				24C2033B1B457639000C6D2E /* AppDelegate.swift in Sources */,
				243892DF1B4AD4CB005C4CCE /* CustomTransitionFirstViewController.swift in Sources */,
			);
			runOnlyForDeploymentPostprocessing = 0;
		};
		24C2034A1B457639000C6D2E /* Sources */ = {
			isa = PBXSourcesBuildPhase;
			buildActionMask = 2147483647;
			files = (
				24C203531B457639000C6D2E /* CustomTransitionCollectionTests.swift in Sources */,
			);
			runOnlyForDeploymentPostprocessing = 0;
		};
		24C203551B457639000C6D2E /* Sources */ = {
			isa = PBXSourcesBuildPhase;
			buildActionMask = 2147483647;
			files = (
				24C2035E1B457639000C6D2E /* CustomTransitionCollectionUITests.swift in Sources */,
			);
			runOnlyForDeploymentPostprocessing = 0;
		};
/* End PBXSourcesBuildPhase section */

/* Begin PBXTargetDependency section */
		24C203501B457639000C6D2E /* PBXTargetDependency */ = {
			isa = PBXTargetDependency;
			target = 24C203361B457639000C6D2E /* CustomTransitionCollection */;
			targetProxy = 24C2034F1B457639000C6D2E /* PBXContainerItemProxy */;
		};
		24C2035B1B457639000C6D2E /* PBXTargetDependency */ = {
			isa = PBXTargetDependency;
			target = 24C203361B457639000C6D2E /* CustomTransitionCollection */;
			targetProxy = 24C2035A1B457639000C6D2E /* PBXContainerItemProxy */;
		};
/* End PBXTargetDependency section */

/* Begin PBXVariantGroup section */
		242F27701B57A157005F0BCA /* CustomTransition.storyboard */ = {
			isa = PBXVariantGroup;
			children = (
				242F27711B57A157005F0BCA /* Base */,
			);
			name = CustomTransition.storyboard;
			sourceTree = "<group>";
		};
		243892D81B4AD127005C4CCE /* CustomNavigation.storyboard */ = {
			isa = PBXVariantGroup;
			children = (
				243892D91B4AD127005C4CCE /* Base */,
			);
			name = CustomNavigation.storyboard;
			sourceTree = "<group>";
		};
		24C2033E1B457639000C6D2E /* Main.storyboard */ = {
			isa = PBXVariantGroup;
			children = (
				24C2033F1B457639000C6D2E /* Base */,
			);
			name = Main.storyboard;
			sourceTree = "<group>";
		};
		24C203461B457639000C6D2E /* LaunchScreen.storyboard */ = {
			isa = PBXVariantGroup;
			children = (
				24C203471B457639000C6D2E /* Base */,
			);
			name = LaunchScreen.storyboard;
			sourceTree = "<group>";
		};
/* End PBXVariantGroup section */

/* Begin XCBuildConfiguration section */
		24C203601B457639000C6D2E /* Debug */ = {
			isa = XCBuildConfiguration;
			buildSettings = {
				ALWAYS_SEARCH_USER_PATHS = NO;
				CLANG_CXX_LANGUAGE_STANDARD = "gnu++0x";
				CLANG_CXX_LIBRARY = "libc++";
				CLANG_ENABLE_MODULES = YES;
				CLANG_ENABLE_OBJC_ARC = YES;
				CLANG_WARN_BOOL_CONVERSION = YES;
				CLANG_WARN_CONSTANT_CONVERSION = YES;
				CLANG_WARN_DIRECT_OBJC_ISA_USAGE = YES_ERROR;
				CLANG_WARN_EMPTY_BODY = YES;
				CLANG_WARN_ENUM_CONVERSION = YES;
				CLANG_WARN_INT_CONVERSION = YES;
				CLANG_WARN_OBJC_ROOT_CLASS = YES_ERROR;
				CLANG_WARN_UNREACHABLE_CODE = YES;
				CLANG_WARN__DUPLICATE_METHOD_MATCH = YES;
				"CODE_SIGN_IDENTITY[sdk=iphoneos*]" = "iPhone Developer";
				COPY_PHASE_STRIP = NO;
				DEBUG_INFORMATION_FORMAT = dwarf;
				ENABLE_STRICT_OBJC_MSGSEND = YES;
				ENABLE_TESTABILITY = YES;
				GCC_C_LANGUAGE_STANDARD = gnu99;
				GCC_DYNAMIC_NO_PIC = NO;
				GCC_NO_COMMON_BLOCKS = YES;
				GCC_OPTIMIZATION_LEVEL = 0;
				GCC_PREPROCESSOR_DEFINITIONS = (
					"DEBUG=1",
					"$(inherited)",
				);
				GCC_WARN_64_TO_32_BIT_CONVERSION = YES;
				GCC_WARN_ABOUT_RETURN_TYPE = YES_ERROR;
				GCC_WARN_UNDECLARED_SELECTOR = YES;
				GCC_WARN_UNINITIALIZED_AUTOS = YES_AGGRESSIVE;
				GCC_WARN_UNUSED_FUNCTION = YES;
				GCC_WARN_UNUSED_VARIABLE = YES;
				IPHONEOS_DEPLOYMENT_TARGET = 9.0;
				MTL_ENABLE_DEBUG_INFO = YES;
				ONLY_ACTIVE_ARCH = YES;
				SDKROOT = iphoneos;
				SWIFT_OPTIMIZATION_LEVEL = "-Onone";
				TARGETED_DEVICE_FAMILY = "1,2";
			};
			name = Debug;
		};
		24C203611B457639000C6D2E /* Release */ = {
			isa = XCBuildConfiguration;
			buildSettings = {
				ALWAYS_SEARCH_USER_PATHS = NO;
				CLANG_CXX_LANGUAGE_STANDARD = "gnu++0x";
				CLANG_CXX_LIBRARY = "libc++";
				CLANG_ENABLE_MODULES = YES;
				CLANG_ENABLE_OBJC_ARC = YES;
				CLANG_WARN_BOOL_CONVERSION = YES;
				CLANG_WARN_CONSTANT_CONVERSION = YES;
				CLANG_WARN_DIRECT_OBJC_ISA_USAGE = YES_ERROR;
				CLANG_WARN_EMPTY_BODY = YES;
				CLANG_WARN_ENUM_CONVERSION = YES;
				CLANG_WARN_INT_CONVERSION = YES;
				CLANG_WARN_OBJC_ROOT_CLASS = YES_ERROR;
				CLANG_WARN_UNREACHABLE_CODE = YES;
				CLANG_WARN__DUPLICATE_METHOD_MATCH = YES;
				"CODE_SIGN_IDENTITY[sdk=iphoneos*]" = "iPhone Developer";
				COPY_PHASE_STRIP = NO;
				DEBUG_INFORMATION_FORMAT = "dwarf-with-dsym";
				ENABLE_NS_ASSERTIONS = NO;
				ENABLE_STRICT_OBJC_MSGSEND = YES;
				GCC_C_LANGUAGE_STANDARD = gnu99;
				GCC_NO_COMMON_BLOCKS = YES;
				GCC_WARN_64_TO_32_BIT_CONVERSION = YES;
				GCC_WARN_ABOUT_RETURN_TYPE = YES_ERROR;
				GCC_WARN_UNDECLARED_SELECTOR = YES;
				GCC_WARN_UNINITIALIZED_AUTOS = YES_AGGRESSIVE;
				GCC_WARN_UNUSED_FUNCTION = YES;
				GCC_WARN_UNUSED_VARIABLE = YES;
				IPHONEOS_DEPLOYMENT_TARGET = 9.0;
				MTL_ENABLE_DEBUG_INFO = NO;
				SDKROOT = iphoneos;
				TARGETED_DEVICE_FAMILY = "1,2";
				VALIDATE_PRODUCT = YES;
			};
			name = Release;
		};
		24C203631B457639000C6D2E /* Debug */ = {
			isa = XCBuildConfiguration;
			buildSettings = {
				ASSETCATALOG_COMPILER_APPICON_NAME = AppIcon;
				INFOPLIST_FILE = CustomTransitionCollection/Info.plist;
				LD_RUNPATH_SEARCH_PATHS = "$(inherited) @executable_path/Frameworks";
				PRODUCT_BUNDLE_IDENTIFIER = com.uetamasamichi.CustomTransitionCollection;
				PRODUCT_NAME = "$(TARGET_NAME)";
			};
			name = Debug;
		};
		24C203641B457639000C6D2E /* Release */ = {
			isa = XCBuildConfiguration;
			buildSettings = {
				ASSETCATALOG_COMPILER_APPICON_NAME = AppIcon;
				INFOPLIST_FILE = CustomTransitionCollection/Info.plist;
				LD_RUNPATH_SEARCH_PATHS = "$(inherited) @executable_path/Frameworks";
				PRODUCT_BUNDLE_IDENTIFIER = com.uetamasamichi.CustomTransitionCollection;
				PRODUCT_NAME = "$(TARGET_NAME)";
			};
			name = Release;
		};
		24C203661B457639000C6D2E /* Debug */ = {
			isa = XCBuildConfiguration;
			buildSettings = {
				BUNDLE_LOADER = "$(TEST_HOST)";
				INFOPLIST_FILE = CustomTransitionCollectionTests/Info.plist;
				LD_RUNPATH_SEARCH_PATHS = "$(inherited) @executable_path/Frameworks @loader_path/Frameworks";
				PRODUCT_BUNDLE_IDENTIFIER = com.uetamasamichi.CustomTransitionCollectionTests;
				PRODUCT_NAME = "$(TARGET_NAME)";
				TEST_HOST = "$(BUILT_PRODUCTS_DIR)/CustomTransitionCollection.app/CustomTransitionCollection";
			};
			name = Debug;
		};
		24C203671B457639000C6D2E /* Release */ = {
			isa = XCBuildConfiguration;
			buildSettings = {
				BUNDLE_LOADER = "$(TEST_HOST)";
				INFOPLIST_FILE = CustomTransitionCollectionTests/Info.plist;
				LD_RUNPATH_SEARCH_PATHS = "$(inherited) @executable_path/Frameworks @loader_path/Frameworks";
				PRODUCT_BUNDLE_IDENTIFIER = com.uetamasamichi.CustomTransitionCollectionTests;
				PRODUCT_NAME = "$(TARGET_NAME)";
				TEST_HOST = "$(BUILT_PRODUCTS_DIR)/CustomTransitionCollection.app/CustomTransitionCollection";
			};
			name = Release;
		};
		24C203691B457639000C6D2E /* Debug */ = {
			isa = XCBuildConfiguration;
			buildSettings = {
				INFOPLIST_FILE = CustomTransitionCollectionUITests/Info.plist;
				LD_RUNPATH_SEARCH_PATHS = "$(inherited) @executable_path/Frameworks @loader_path/Frameworks";
				PRODUCT_BUNDLE_IDENTIFIER = com.uetamasamichi.CustomTransitionCollectionUITests;
				PRODUCT_NAME = "$(TARGET_NAME)";
				TEST_TARGET_NAME = CustomTransitionCollection;
				USES_XCTRUNNER = YES;
			};
			name = Debug;
		};
		24C2036A1B457639000C6D2E /* Release */ = {
			isa = XCBuildConfiguration;
			buildSettings = {
				INFOPLIST_FILE = CustomTransitionCollectionUITests/Info.plist;
				LD_RUNPATH_SEARCH_PATHS = "$(inherited) @executable_path/Frameworks @loader_path/Frameworks";
				PRODUCT_BUNDLE_IDENTIFIER = com.uetamasamichi.CustomTransitionCollectionUITests;
				PRODUCT_NAME = "$(TARGET_NAME)";
				TEST_TARGET_NAME = CustomTransitionCollection;
				USES_XCTRUNNER = YES;
			};
			name = Release;
		};
/* End XCBuildConfiguration section */

/* Begin XCConfigurationList section */
		24C203321B457639000C6D2E /* Build configuration list for PBXProject "CustomTransitionCollection" */ = {
			isa = XCConfigurationList;
			buildConfigurations = (
				24C203601B457639000C6D2E /* Debug */,
				24C203611B457639000C6D2E /* Release */,
			);
			defaultConfigurationIsVisible = 0;
			defaultConfigurationName = Release;
		};
		24C203621B457639000C6D2E /* Build configuration list for PBXNativeTarget "CustomTransitionCollection" */ = {
			isa = XCConfigurationList;
			buildConfigurations = (
				24C203631B457639000C6D2E /* Debug */,
				24C203641B457639000C6D2E /* Release */,
			);
			defaultConfigurationIsVisible = 0;
			defaultConfigurationName = Release;
		};
		24C203651B457639000C6D2E /* Build configuration list for PBXNativeTarget "CustomTransitionCollectionTests" */ = {
			isa = XCConfigurationList;
			buildConfigurations = (
				24C203661B457639000C6D2E /* Debug */,
				24C203671B457639000C6D2E /* Release */,
			);
			defaultConfigurationIsVisible = 0;
			defaultConfigurationName = Release;
		};
		24C203681B457639000C6D2E /* Build configuration list for PBXNativeTarget "CustomTransitionCollectionUITests" */ = {
			isa = XCConfigurationList;
			buildConfigurations = (
				24C203691B457639000C6D2E /* Debug */,
				24C2036A1B457639000C6D2E /* Release */,
			);
			defaultConfigurationIsVisible = 0;
			defaultConfigurationName = Release;
		};
/* End XCConfigurationList section */

/* Begin XCVersionGroup section */
		24C203411B457639000C6D2E /* CustomTransitionCollection.xcdatamodeld */ = {
			isa = XCVersionGroup;
			children = (
				24C203421B457639000C6D2E /* CustomTransitionCollection.xcdatamodel */,
			);
			currentVersion = 24C203421B457639000C6D2E /* CustomTransitionCollection.xcdatamodel */;
			path = CustomTransitionCollection.xcdatamodeld;
			sourceTree = "<group>";
			versionGroupType = wrapper.xcdatamodel;
		};
/* End XCVersionGroup section */
	};
	rootObject = 24C2032F1B457639000C6D2E /* Project object */;
}
